{"SurveyEntry":{"SurveyID":"SV_6fCh3EhsBImKvBk","SurveyName":"Autism Spectrum Quotient","SurveyDescription":null,"SurveyOwnerID":"UR_e5v1F6uU6Rqpuux","SurveyBrandID":"bnupsych","DivisionID":"DV_4SJlINuxO3tQnOJ","SurveyLanguage":"EN","SurveyActiveResponseSet":"RS_b1mfXDs5SmlwENE","SurveyStatus":"Inactive","SurveyStartDate":"0000-00-00 00:00:00","SurveyExpirationDate":"0000-00-00 00:00:00","SurveyCreationDate":"2023-02-22 17:55:41","CreatorID":"UR_e5v1F6uU6Rqpuux","LastModified":"2023-02-22 19:12:25","LastAccessed":"0000-00-00 00:00:00","LastActivated":"0000-00-00 00:00:00","Deleted":null},"SurveyElements":[{"SurveyID":"SV_6fCh3EhsBImKvBk","Element":"BL","PrimaryAttribute":"Survey Blocks","SecondaryAttribute":null,"TertiaryAttribute":null,"Payload":[{"Type":"Default","Description":"Default Question Block","ID":"BL_9Nd7sWiQxG0x6Oa","BlockElements":[{"Type":"Question","QuestionID":"QID1"}]},{"Type":"Trash","Description":"Trash \/ Unused Questions","ID":"BL_6tkrFobLKMtkK9w"}]},{"SurveyID":"SV_6fCh3EhsBImKvBk","Element":"FL","PrimaryAttribute":"Survey Flow","SecondaryAttribute":null,"TertiaryAttribute":null,"Payload":{"Flow":[{"ID":"BL_9Nd7sWiQxG0x6Oa","Type":"Block","FlowID":"FL_2"}],"Properties":{"Count":2},"FlowID":"FL_1","Type":"Root"}},{"SurveyID":"SV_6fCh3EhsBImKvBk","Element":"PL","PrimaryAttribute":"Preview Link","SecondaryAttribute":null,"TertiaryAttribute":null,"Payload":{"PreviewType":"Brand","PreviewID":"115aaa02-de35-4c9e-bcc0-25e3281a813a"}},{"SurveyID":"SV_6fCh3EhsBImKvBk","Element":"SO","PrimaryAttribute":"Survey Options","SecondaryAttribute":null,"TertiaryAttribute":null,"Payload":{"BackButton":"false","SaveAndContinue":"true","SurveyProtection":"PublicSurvey","BallotBoxStuffingPrevention":"false","NoIndex":"Yes","SecureResponseFiles":"true","SurveyExpiration":"None","SurveyTermination":"DefaultMessage","Header":"","Footer":"","ProgressBarDisplay":"None","PartialData":"+1 week","ValidationMessage":"","PreviousButton":"","NextButton":"","SurveyTitle":"Qualtrics Survey | Qualtrics Experience Management","SkinLibrary":"bnupsych","SkinType":"MQ","Skin":"skin1","NewScoring":1,"SurveyMetaDescription":"The most powerful, simple and trusted way to gather experience data. Start your journey to experience management and try a free account today.","SurveyName":"Autism Spectrum Quotient"}},{"SurveyID":"SV_6fCh3EhsBImKvBk","Element":"SCO","PrimaryAttribute":"Scoring","SecondaryAttribute":null,"TertiaryAttribute":null,"Payload":{"ScoringCategories":[],"ScoringCategoryGroups":[],"ScoringSummaryCategory":null,"ScoringSummaryAfterQuestions":0,"ScoringSummaryAfterSurvey":0,"DefaultScoringCategory":null,"AutoScoringCategory":null}},{"SurveyID":"SV_6fCh3EhsBImKvBk","Element":"PROJ","PrimaryAttribute":"CORE","SecondaryAttribute":null,"TertiaryAttribute":"1.1.0","Payload":{"ProjectCategory":"CORE","SchemaVersion":"1.1.0"}},{"SurveyID":"SV_6fCh3EhsBImKvBk","Element":"STAT","PrimaryAttribute":"Survey Statistics","SecondaryAttribute":null,"TertiaryAttribute":null,"Payload":{"MobileCompatible":false,"ID":"Survey Statistics"}},{"SurveyID":"SV_6fCh3EhsBImKvBk","Element":"QC","PrimaryAttribute":"Survey Question Count","SecondaryAttribute":"1","TertiaryAttribute":null,"Payload":null},{"SurveyID":"SV_6fCh3EhsBImKvBk","Element":"RS","PrimaryAttribute":"RS_b1mfXDs5SmlwENE","SecondaryAttribute":"Default Response Set","TertiaryAttribute":null,"Payload":null},{"SurveyID":"SV_6fCh3EhsBImKvBk","Element":"SQ","PrimaryAttribute":"QID1","SecondaryAttribute":"For each statement below, choose one response that best describes how strongly that statement app...","TertiaryAttribute":null,"Payload":{"QuestionText":"For each statement below, choose one response that best describes how strongly that statement applies to you:","DefaultChoices":false,"DataExportTag":"Q1","QuestionID":"QID1","QuestionType":"Matrix","Selector":"Likert","SubSelector":"SingleAnswer","Configuration":{"QuestionDescriptionOption":"UseText","TextPosition":"inline","ChoiceColumnWidth":25,"RepeatHeaders":"none","WhiteSpace":"OFF","MobileFirst":true,"ChoiceColumnWidthPixels":246},"QuestionDescription":"For each statement below, choose one response that best describes how strongly that statement app...","Choices":{"1":{"Display":"I prefer to do things with others rather than on my own."},"2":{"Display":"I prefer to do things the same way over and over again."},"3":{"Display":"If I try to imagine something, I find it very easy to create a picture in my mind."},"4":{"Display":"I frequently get so strongly absorbed in one thing that I lose sight of other things."},"5":{"Display":"I often notice small sounds when others do not."},"6":{"Display":"I usually notice car number plates or similar strings of information."},"7":{"Display":"Other people frequently tell me that what I\u2019ve said is impolite, even though I think it is polite."},"8":{"Display":"When I\u2019m reading a story, I can easily imagine what the characters might look like."},"9":{"Display":"I am fascinated by dates."},"10":{"Display":"In a social group, I can easily keep track of several different people\u2019s conversations."},"11":{"Display":"I find social situations easy."},"12":{"Display":"I tend to notice details that others do not."},"13":{"Display":"I would rather go to a library than to a party."},"14":{"Display":"I find making up stories easy."},"15":{"Display":"I find myself drawn more strongly to people than to things."},"16":{"Display":"I tend to have very strong interests, which I get upset about if I can\u2019t pursue."},"17":{"Display":"I enjoy social chitchat."},"18":{"Display":"When I talk, it isn\u2019t always easy for others to get a word in edgewise."},"19":{"Display":"I am fascinated by numbers."},"20":{"Display":"When I\u2019m reading a story, I find it difficult to work out the characters\u2019 intentions."},"21":{"Display":"I don\u2019t particularly enjoy reading fiction."},"22":{"Display":"I find it hard to make new friends."},"23":{"Display":"I notice patterns in things all the time."},"24":{"Display":"I would rather go to the theater than to a museum."},"25":{"Display":"It does not upset me if my daily routine is disturbed."},"26":{"Display":"I frequently find that I don\u2019t know how to keep a conversation going."},"27":{"Display":"I find it easy to \u201cread between the lines\u201d when someone is talking to me."},"28":{"Display":"I usually concentrate more on the whole picture, rather than on the small details."},"29":{"Display":"I am not very good at remembering phone numbers."},"30":{"Display":"I don\u2019t usually notice small changes in a situation or a person\u2019s appearance."},"31":{"Display":"I know how to tell if someone listening to me is getting bored."},"32":{"Display":"I find it easy to do more than one thing at once."},"33":{"Display":"When I talk on the phone, I\u2019m not sure when it\u2019s my turn to speak."},"34":{"Display":"I enjoy doing things spontaneously."},"35":{"Display":"I am often the last to understand the point of a joke."},"36":{"Display":"I find it easy to work out what someone is thinking or feeling just by looking at their face."},"37":{"Display":"If there is an interruption, I can switch back to what I was doing very quickly."},"38":{"Display":"I am good at social chitchat."},"39":{"Display":"People often tell me that I keep going on and on about the same thing."},"40":{"Display":"When I was young, I used to enjoy playing games involving pretending with other children."},"41":{"Display":"I like to collect information about categories of things (e.g., types of cars, birds, trains, plants)."},"42":{"Display":"I find it difficult to imagine what it would be like to be someone else."},"43":{"Display":"I like to carefully plan any activities I participate in."},"44":{"Display":"I enjoy social occasions."},"45":{"Display":"I find it difficult to work out people\u2019s intentions."},"46":{"Display":"New situations make me anxious."},"47":{"Display":"I enjoy meeting new people."},"48":{"Display":"I am a good diplomat."},"49":{"Display":"I am not very good at remembering people\u2019s date of birth."},"50":{"Display":"I find it very easy to play games with children that involve pretending."}},"ChoiceOrder":[1,2,3,4,5,6,7,8,9,10,11,12,13,14,15,16,17,18,19,20,21,22,23,24,25,26,27,28,29,30,31,32,33,34,35,36,37,38,39,40,41,42,43,44,45,46,47,48,49,50],"Validation":{"Settings":{"ForceResponse":"ON","ForceResponseType":"ON","Type":"None"}},"GradingData":[],"Language":[],"NextChoiceId":51,"NextAnswerId":5,"Answers":{"1":{"Display":"Definitely Agree"},"2":{"Display":"Slightly Agree"},"3":{"Display":"Slightly Disagree"},"4":{"Display":"Definitely Disagree"}},"AnswerOrder":[1,2,3,4],"ChoiceDataExportTags":false}}]}