{"SurveyEntry":{"SurveyID":"SV_6Pd7RSRPT29gzDU","SurveyName":"BFNE","SurveyDescription":null,"SurveyOwnerID":"UR_6PuQq3L1iqgQp70","SurveyBrandID":"osu","DivisionID":"DV_ebAsorNWF7UuYux","SurveyLanguage":"EN","SurveyActiveResponseSet":"RS_3CAB5F2O834vBwa","SurveyStatus":"Inactive","SurveyStartDate":"0000-00-00 00:00:00","SurveyExpirationDate":"0000-00-00 00:00:00","SurveyCreationDate":"2023-03-07 20:16:42","CreatorID":"UR_6PuQq3L1iqgQp70","LastModified":"2023-03-07 20:24:16","LastAccessed":"0000-00-00 00:00:00","LastActivated":"0000-00-00 00:00:00","Deleted":null},"SurveyElements":[{"SurveyID":"SV_6Pd7RSRPT29gzDU","Element":"BL","PrimaryAttribute":"Survey Blocks","SecondaryAttribute":null,"TertiaryAttribute":null,"Payload":[{"Type":"Default","Description":"Default Question Block","ID":"BL_5hdOF8oVGl8m0cK","BlockElements":[{"Type":"Question","QuestionID":"QID2"},{"Type":"Question","QuestionID":"QID1"}]},{"Type":"Trash","Description":"Trash \/ Unused Questions","ID":"BL_8x3lu9EDZp6Bml0"}]},{"SurveyID":"SV_6Pd7RSRPT29gzDU","Element":"FL","PrimaryAttribute":"Survey Flow","SecondaryAttribute":null,"TertiaryAttribute":null,"Payload":{"Flow":[{"ID":"BL_5hdOF8oVGl8m0cK","Type":"Block","FlowID":"FL_2"}],"Properties":{"Count":2},"FlowID":"FL_1","Type":"Root"}},{"SurveyID":"SV_6Pd7RSRPT29gzDU","Element":"PL","PrimaryAttribute":"Preview Link","SecondaryAttribute":null,"TertiaryAttribute":null,"Payload":{"PreviewType":"Brand","PreviewID":"45593dcb-44d0-444d-8d84-43f11fa75f92"}},{"SurveyID":"SV_6Pd7RSRPT29gzDU","Element":"SO","PrimaryAttribute":"Survey Options","SecondaryAttribute":null,"TertiaryAttribute":null,"Payload":{"BackButton":"false","SaveAndContinue":"true","SurveyProtection":"PublicSurvey","BallotBoxStuffingPrevention":"false","NoIndex":"Yes","SecureResponseFiles":"true","SurveyExpiration":"None","SurveyTermination":"DefaultMessage","Header":"","Footer":"","ProgressBarDisplay":"None","PartialData":"+1 week","ValidationMessage":"","PreviousButton":"","NextButton":"","SurveyTitle":"Qualtrics Survey | Qualtrics Experience Management","SkinLibrary":"osu","SkinType":"MQ","Skin":"osu20_new","NewScoring":1,"SurveyMetaDescription":"The most powerful, simple and trusted way to gather experience data. Start your journey to experience management and try a free account today.","SurveyName":"BFNE"}},{"SurveyID":"SV_6Pd7RSRPT29gzDU","Element":"SCO","PrimaryAttribute":"Scoring","SecondaryAttribute":null,"TertiaryAttribute":null,"Payload":{"ScoringCategories":[],"ScoringCategoryGroups":[],"ScoringSummaryCategory":null,"ScoringSummaryAfterQuestions":0,"ScoringSummaryAfterSurvey":0,"DefaultScoringCategory":null,"AutoScoringCategory":null}},{"SurveyID":"SV_6Pd7RSRPT29gzDU","Element":"PROJ","PrimaryAttribute":"CORE","SecondaryAttribute":null,"TertiaryAttribute":"1.1.0","Payload":{"ProjectCategory":"CORE","SchemaVersion":"1.1.0"}},{"SurveyID":"SV_6Pd7RSRPT29gzDU","Element":"STAT","PrimaryAttribute":"Survey Statistics","SecondaryAttribute":null,"TertiaryAttribute":null,"Payload":{"MobileCompatible":false,"ID":"Survey Statistics"}},{"SurveyID":"SV_6Pd7RSRPT29gzDU","Element":"QC","PrimaryAttribute":"Survey Question Count","SecondaryAttribute":"2","TertiaryAttribute":null,"Payload":null},{"SurveyID":"SV_6Pd7RSRPT29gzDU","Element":"RS","PrimaryAttribute":"RS_3CAB5F2O834vBwa","SecondaryAttribute":"Default Response Set","TertiaryAttribute":null,"Payload":null},{"SurveyID":"SV_6Pd7RSRPT29gzDU","Element":"SQ","PrimaryAttribute":"QID2","SecondaryAttribute":"Read each of the following statements carefully and indicate how characteristic it is of you acco...","TertiaryAttribute":null,"Payload":{"QuestionText":"Read each of the following statements carefully and indicate how characteristic it is of you according to the following scale:<br><br>\n1 = Not at all characteristic of me&nbsp;<br>\n2 = Slightly characteristic of me&nbsp;<br>\n3 = Moderately characteristic of me&nbsp;<br>\n4 = Very characteristic of me&nbsp;<br>\n5 = Extremely characteristic of me<br><br>","DefaultChoices":false,"DataExportTag":"Q2","QuestionType":"DB","Selector":"TB","Configuration":{"QuestionDescriptionOption":"UseText"},"QuestionDescription":"Read each of the following statements carefully and indicate how characteristic it is of you acco...","ChoiceOrder":[],"Validation":{"Settings":{"Type":"None"}},"GradingData":[],"Language":[],"NextChoiceId":4,"NextAnswerId":1,"QuestionID":"QID2"}},{"SurveyID":"SV_6Pd7RSRPT29gzDU","Element":"SQ","PrimaryAttribute":"QID1","SecondaryAttribute":"Read each of the following statements carefully and indicate how characteristic it is of you:","TertiaryAttribute":null,"Payload":{"QuestionText":"Read each of the following statements carefully and indicate how characteristic it is of you:","DefaultChoices":false,"DataExportTag":"Q1","QuestionID":"QID1","QuestionType":"Matrix","Selector":"Likert","SubSelector":"SingleAnswer","Configuration":{"QuestionDescriptionOption":"UseText","TextPosition":"inline","ChoiceColumnWidth":25,"RepeatHeaders":"none","WhiteSpace":"OFF","MobileFirst":true,"ChoiceColumnWidthPixels":305},"QuestionDescription":"Read each of the following statements carefully and indicate how characteristic it is of you:","Choices":{"1":{"Display":"I worry about what other people will think of me even when I know it doesn't make."},"2":{"Display":"I am unconcerned even if I know people are forming an unfavorable impression of me."},"3":{"Display":"I am frequently afraid of other people noticing my shortcomings."},"4":{"Display":"I rarely worry about what kind of impression I am making on someone."},"5":{"Display":"I am afraid others will not approve of me."},"6":{"Display":"I am afraid that people will find fault with me."},"7":{"Display":"Other people's opinions of me do not bother me."},"8":{"Display":"When I am talking to someone, I worry about what they may be thinking about me."},"9":{"Display":"I am usually worried about what kind of impression I make."},"10":{"Display":"If I know someone is judging me, it has little effect on me."},"11":{"Display":"Sometimes I think I am too concerned with what other people think of me."},"12":{"Display":"I often worry that I will say or do the wrong things."}},"ChoiceOrder":[1,2,3,4,5,6,7,8,9,10,11,12],"Validation":{"Settings":{"ForceResponse":"ON","ForceResponseType":"ON","Type":"None"}},"GradingData":[],"Language":[],"NextChoiceId":13,"NextAnswerId":6,"Answers":{"1":{"Display":"1"},"2":{"Display":"2"},"3":{"Display":"3"},"4":{"Display":"4"},"5":{"Display":"5"}},"AnswerOrder":[1,2,3,4,5],"ChoiceDataExportTags":false}}]}