{"SurveyEntry":{"SurveyID":"SV_3NN32ZdVrZyqJf0","SurveyName":"Social Value Orientation","SurveyDescription":null,"SurveyOwnerID":"UR_6PuQq3L1iqgQp70","SurveyBrandID":"osu","DivisionID":"DV_ebAsorNWF7UuYux","SurveyLanguage":"EN","SurveyActiveResponseSet":"RS_29z3ebSsbk0qUwS","SurveyStatus":"Inactive","SurveyStartDate":"0000-00-00 00:00:00","SurveyExpirationDate":"0000-00-00 00:00:00","SurveyCreationDate":"2023-03-03 09:28:21","CreatorID":"UR_6PuQq3L1iqgQp70","LastModified":"2023-03-03 12:14:56","LastAccessed":"0000-00-00 00:00:00","LastActivated":"0000-00-00 00:00:00","Deleted":null},"SurveyElements":[{"SurveyID":"SV_3NN32ZdVrZyqJf0","Element":"BL","PrimaryAttribute":"Survey Blocks","SecondaryAttribute":null,"TertiaryAttribute":null,"Payload":[{"Type":"Default","Description":"Default Question Block","ID":"BL_0xpOQb4WFCyaN94","BlockElements":[{"Type":"Question","QuestionID":"QID7"},{"Type":"Question","QuestionID":"QID1"},{"Type":"Question","QuestionID":"QID6"},{"Type":"Question","QuestionID":"QID8"},{"Type":"Question","QuestionID":"QID9"},{"Type":"Question","QuestionID":"QID10"},{"Type":"Question","QuestionID":"QID11"},{"Type":"Page Break"},{"Type":"Question","QuestionID":"QID12"},{"Type":"Question","QuestionID":"QID13"},{"Type":"Question","QuestionID":"QID14"},{"Type":"Question","QuestionID":"QID15"},{"Type":"Question","QuestionID":"QID16"},{"Type":"Question","QuestionID":"QID17"},{"Type":"Question","QuestionID":"QID18"},{"Type":"Question","QuestionID":"QID19"},{"Type":"Question","QuestionID":"QID20"}]},{"Type":"Trash","Description":"Trash \/ Unused Questions","ID":"BL_eDrw2tBy9vDy2qO","BlockElements":[{"Type":"Question","QuestionID":"QID3"},{"Type":"Question","QuestionID":"QID5"},{"Type":"Question","QuestionID":"QID4"},{"Type":"Question","QuestionID":"QID2"},{"Type":"Question","QuestionID":"QID22"},{"Type":"Question","QuestionID":"QID21"}]}]},{"SurveyID":"SV_3NN32ZdVrZyqJf0","Element":"FL","PrimaryAttribute":"Survey Flow","SecondaryAttribute":null,"TertiaryAttribute":null,"Payload":{"Flow":[{"ID":"BL_0xpOQb4WFCyaN94","Type":"Block","FlowID":"FL_2"}],"Properties":{"Count":3},"FlowID":"FL_1","Type":"Root"}},{"SurveyID":"SV_3NN32ZdVrZyqJf0","Element":"PL","PrimaryAttribute":"Preview Link","SecondaryAttribute":null,"TertiaryAttribute":null,"Payload":{"PreviewType":"Brand","PreviewID":"e3e5b276-2ff1-4a2e-bace-023421a11721"}},{"SurveyID":"SV_3NN32ZdVrZyqJf0","Element":"SO","PrimaryAttribute":"Survey Options","SecondaryAttribute":null,"TertiaryAttribute":null,"Payload":{"BackButton":"false","SaveAndContinue":"true","SurveyProtection":"PublicSurvey","BallotBoxStuffingPrevention":"false","NoIndex":"Yes","SecureResponseFiles":"true","SurveyExpiration":"None","SurveyTermination":"DefaultMessage","Header":"","Footer":"","ProgressBarDisplay":"None","PartialData":"+1 week","ValidationMessage":"","PreviousButton":"","NextButton":"","SurveyTitle":"Qualtrics Survey | Qualtrics Experience Management","SkinLibrary":"osu","SkinType":"MQ","Skin":"osu20_new","NewScoring":1,"SurveyMetaDescription":"The most powerful, simple and trusted way to gather experience data. Start your journey to experience management and try a free account today.","SurveyName":"Social Value Orientation"}},{"SurveyID":"SV_3NN32ZdVrZyqJf0","Element":"SCO","PrimaryAttribute":"Scoring","SecondaryAttribute":null,"TertiaryAttribute":null,"Payload":{"ScoringCategories":[],"ScoringCategoryGroups":[],"ScoringSummaryCategory":null,"ScoringSummaryAfterQuestions":0,"ScoringSummaryAfterSurvey":0,"DefaultScoringCategory":null,"AutoScoringCategory":null}},{"SurveyID":"SV_3NN32ZdVrZyqJf0","Element":"PROJ","PrimaryAttribute":"CORE","SecondaryAttribute":null,"TertiaryAttribute":"1.1.0","Payload":{"ProjectCategory":"CORE","SchemaVersion":"1.1.0"}},{"SurveyID":"SV_3NN32ZdVrZyqJf0","Element":"STAT","PrimaryAttribute":"Survey Statistics","SecondaryAttribute":null,"TertiaryAttribute":null,"Payload":{"MobileCompatible":false,"ID":"Survey Statistics"}},{"SurveyID":"SV_3NN32ZdVrZyqJf0","Element":"QC","PrimaryAttribute":"Survey Question Count","SecondaryAttribute":"22","TertiaryAttribute":null,"Payload":null},{"SurveyID":"SV_3NN32ZdVrZyqJf0","Element":"SQ","PrimaryAttribute":"QID22","SecondaryAttribute":"\u00a0\u00a0","TertiaryAttribute":null,"Payload":{"QuestionText":"<img src=\"https:\/\/osu.az1.qualtrics.com\/CP\/Graphic.php?IM=IM_77csiXYLZim1Rj0\" style=\"width: 731px; height: 214px;\" \/><br \/>\n<br \/>\n&nbsp;&nbsp;","DefaultChoices":false,"DataExportTag":"Q0_2","QuestionType":"DB","Selector":"TB","DataVisibility":{"Private":false,"Hidden":false},"Configuration":{"QuestionDescriptionOption":"UseText"},"QuestionDescription":"\u00a0\u00a0","ChoiceOrder":[],"Validation":{"Settings":{"Type":"None"}},"GradingData":[],"Language":[],"NextChoiceId":4,"NextAnswerId":1,"QuestionID":"QID22"}},{"SurveyID":"SV_3NN32ZdVrZyqJf0","Element":"SQ","PrimaryAttribute":"QID3","SecondaryAttribute":"Click to write the question text","TertiaryAttribute":null,"Payload":{"QuestionText":"Click to write the question text","DefaultChoices":false,"DataExportTag":"Q3","QuestionType":"TE","Selector":"SL","Configuration":{"QuestionDescriptionOption":"UseText"},"QuestionDescription":"Click to write the question text","Validation":{"Settings":{"ForceResponse":"OFF","Type":"None"}},"GradingData":[],"Language":[],"NextChoiceId":4,"NextAnswerId":1,"SearchSource":{"AllowFreeResponse":"false"},"QuestionID":"QID3"}},{"SurveyID":"SV_3NN32ZdVrZyqJf0","Element":"SQ","PrimaryAttribute":"QID4","SecondaryAttribute":"Click to write the question text","TertiaryAttribute":null,"Payload":{"QuestionText":"Click to write the question text","DefaultChoices":false,"DataExportTag":"Q4","QuestionType":"Matrix","Selector":"Likert","SubSelector":"SingleAnswer","Configuration":{"QuestionDescriptionOption":"UseText","TextPosition":"inline","ChoiceColumnWidth":25,"RepeatHeaders":"none","WhiteSpace":"OFF","MobileFirst":true},"QuestionDescription":"Click to write the question text","Choices":{"1":{"Display":"Click to write Statement 1"},"2":{"Display":"Click to write Statement 2"},"3":{"Display":"Click to write Statement 3"}},"ChoiceOrder":["1","2","3"],"Validation":{"Settings":{"ForceResponse":"OFF","Type":"None"}},"GradingData":[],"Language":[],"NextChoiceId":4,"NextAnswerId":4,"Answers":{"1":{"Display":"Click to write Scale Point 1"},"2":{"Display":"Click to write Scale Point 2"},"3":{"Display":"Click to write Scale Point 3"}},"AnswerOrder":["1","2","3"],"ChoiceDataExportTags":false,"QuestionID":"QID4"}},{"SurveyID":"SV_3NN32ZdVrZyqJf0","Element":"SQ","PrimaryAttribute":"QID5","SecondaryAttribute":"Click to write the question text","TertiaryAttribute":null,"Payload":{"QuestionText":"Click to write the question text","DefaultChoices":false,"DataExportTag":"Q5","QuestionType":"Slider","Selector":"HSLIDER","Configuration":{"QuestionDescriptionOption":"UseText","CSSliderMin":0,"CSSliderMax":100,"GridLines":10,"SnapToGrid":false,"NumDecimals":"0","ShowValue":true,"CustomStart":false,"NotApplicable":false,"MobileFirst":true},"QuestionDescription":"Click to write the question text","Choices":{"1":{"Display":"Click to write Choice 1"},"2":{"Display":"Click to write Choice 2"},"3":{"Display":"Click to write Choice 3"}},"ChoiceOrder":["1","2","3"],"Validation":{"Settings":{"ForceResponse":"OFF","Type":"None"}},"GradingData":[],"Language":[],"NextChoiceId":4,"NextAnswerId":1,"Labels":[],"QuestionID":"QID5"}},{"SurveyID":"SV_3NN32ZdVrZyqJf0","Element":"RS","PrimaryAttribute":"RS_29z3ebSsbk0qUwS","SecondaryAttribute":"Default Response Set","TertiaryAttribute":null,"Payload":null},{"SurveyID":"SV_3NN32ZdVrZyqJf0","Element":"SQ","PrimaryAttribute":"QID1","SecondaryAttribute":"Indicate which choice do you prefer:","TertiaryAttribute":null,"Payload":{"QuestionText":"Indicate which choice do you prefer:","DefaultChoices":false,"DataExportTag":"Q1","QuestionID":"QID1","QuestionType":"Matrix","Selector":"Likert","SubSelector":"SingleAnswer","Configuration":{"QuestionDescriptionOption":"UseText","TextPosition":"inline","ChoiceColumnWidth":25,"RepeatHeaders":"none","WhiteSpace":"OFF","MobileFirst":true},"QuestionDescription":"Indicate which choice do you prefer:","Choices":{"1":{"Display":"You receive<br \/>\n&nbsp; &nbsp; &nbsp; &nbsp; &nbsp;|<br \/>\nOther receives"}},"ChoiceOrder":[1],"Validation":{"Settings":{"ForceResponse":"ON","ForceResponseType":"ON","Type":"None"}},"GradingData":[],"Language":[],"NextChoiceId":2,"NextAnswerId":10,"Answers":{"1":{"Display":"85<br \/>\n&nbsp;|<br \/>\n85"},"2":{"Display":"85<br \/>\n&nbsp;|<br \/>\n76"},"3":{"Display":"85<br \/>\n&nbsp;|<br \/>\n68"},"4":{"Display":"85<br \/>\n&nbsp;|<br \/>\n59"},"5":{"Display":"85<br \/>\n&nbsp;|<br \/>\n50"},"6":{"Display":"85<br \/>\n&nbsp;|<br \/>\n41"},"7":{"Display":"85<br \/>\n&nbsp;|<br \/>\n33"},"8":{"Display":"85<br \/>\n&nbsp;|<br \/>\n24"},"9":{"Display":"85<br \/>\n&nbsp;|<br \/>\n15"}},"AnswerOrder":[1,2,3,4,5,6,7,8,9],"ChoiceDataExportTags":false,"DataVisibility":{"Private":false,"Hidden":false}}},{"SurveyID":"SV_3NN32ZdVrZyqJf0","Element":"SQ","PrimaryAttribute":"QID6","SecondaryAttribute":"Indicate which choice do you prefer:","TertiaryAttribute":null,"Payload":{"QuestionText":"Indicate which choice do you prefer:","DefaultChoices":false,"DataExportTag":"Q2","QuestionType":"Matrix","Selector":"Likert","SubSelector":"SingleAnswer","DataVisibility":{"Private":false,"Hidden":false},"Configuration":{"QuestionDescriptionOption":"UseText","TextPosition":"inline","ChoiceColumnWidth":25,"RepeatHeaders":"none","WhiteSpace":"OFF","MobileFirst":true},"QuestionDescription":"Indicate which choice do you prefer:","Choices":{"1":{"Display":"You receive<br \/>\n&nbsp; &nbsp; &nbsp; &nbsp; &nbsp;|<br \/>\nOther receives"}},"ChoiceOrder":[1],"Validation":{"Settings":{"ForceResponse":"ON","ForceResponseType":"ON","Type":"None"}},"GradingData":[],"Language":[],"NextChoiceId":2,"NextAnswerId":10,"Answers":{"1":{"Display":"85<br \/>\n&nbsp;|<br \/>\n15"},"2":{"Display":"87<br \/>\n&nbsp;|<br \/>\n19"},"3":{"Display":"89<br \/>\n&nbsp;|<br \/>\n24"},"4":{"Display":"91<br \/>\n&nbsp;|<br \/>\n28"},"5":{"Display":"93<br \/>\n&nbsp;|<br \/>\n33"},"6":{"Display":"94<br \/>\n&nbsp;|<br \/>\n37"},"7":{"Display":"96<br \/>\n&nbsp;|<br \/>\n41"},"8":{"Display":"98<br \/>\n&nbsp;|<br \/>\n46"},"9":{"Display":"100<br \/>\n&nbsp;|<br \/>\n50"}},"AnswerOrder":[1,2,3,4,5,6,7,8,9],"ChoiceDataExportTags":false,"QuestionID":"QID6"}},{"SurveyID":"SV_3NN32ZdVrZyqJf0","Element":"SQ","PrimaryAttribute":"QID8","SecondaryAttribute":"Indicate which choice do you prefer:","TertiaryAttribute":null,"Payload":{"QuestionText":"Indicate which choice do you prefer:","DefaultChoices":false,"DataExportTag":"Q3","QuestionType":"Matrix","Selector":"Likert","SubSelector":"SingleAnswer","DataVisibility":{"Private":false,"Hidden":false},"Configuration":{"QuestionDescriptionOption":"UseText","TextPosition":"inline","ChoiceColumnWidth":25,"RepeatHeaders":"none","WhiteSpace":"OFF","MobileFirst":true},"QuestionDescription":"Indicate which choice do you prefer:","Choices":{"1":{"Display":"You receive<br \/>\n&nbsp; &nbsp; &nbsp; &nbsp; &nbsp;|<br \/>\nOther receives"}},"ChoiceOrder":[1],"Validation":{"Settings":{"ForceResponse":"ON","ForceResponseType":"ON","Type":"None"}},"GradingData":[],"Language":[],"NextChoiceId":2,"NextAnswerId":10,"Answers":{"1":{"Display":"50<br \/>\n&nbsp;|<br \/>\n100"},"2":{"Display":"54<br \/>\n&nbsp;|<br \/>\n98"},"3":{"Display":"59<br \/>\n&nbsp;|<br \/>\n96"},"4":{"Display":"63<br \/>\n&nbsp;|<br \/>\n94"},"5":{"Display":"68<br \/>\n&nbsp;|<br \/>\n93"},"6":{"Display":"72<br \/>\n&nbsp;|<br \/>\n91"},"7":{"Display":"76<br \/>\n&nbsp;|<br \/>\n89"},"8":{"Display":"81<br \/>\n&nbsp;|<br \/>\n87"},"9":{"Display":"85<br \/>\n&nbsp;|<br \/>\n85"}},"AnswerOrder":[1,2,3,4,5,6,7,8,9],"ChoiceDataExportTags":false,"QuestionID":"QID8"}},{"SurveyID":"SV_3NN32ZdVrZyqJf0","Element":"SQ","PrimaryAttribute":"QID9","SecondaryAttribute":"Indicate which choice do you prefer:","TertiaryAttribute":null,"Payload":{"QuestionText":"Indicate which choice do you prefer:","DefaultChoices":false,"DataExportTag":"Q4","QuestionType":"Matrix","Selector":"Likert","SubSelector":"SingleAnswer","DataVisibility":{"Private":false,"Hidden":false},"Configuration":{"QuestionDescriptionOption":"UseText","TextPosition":"inline","ChoiceColumnWidth":25,"RepeatHeaders":"none","WhiteSpace":"OFF","MobileFirst":true},"QuestionDescription":"Indicate which choice do you prefer:","Choices":{"1":{"Display":"You receive<br \/>\n&nbsp; &nbsp; &nbsp; &nbsp; &nbsp;|<br \/>\nOther receives"}},"ChoiceOrder":[1],"Validation":{"Settings":{"ForceResponse":"ON","ForceResponseType":"ON","Type":"None"}},"GradingData":[],"Language":[],"NextChoiceId":2,"NextAnswerId":10,"Answers":{"1":{"Display":"50<br \/>\n&nbsp;|<br \/>\n100"},"2":{"Display":"54<br \/>\n&nbsp;|<br \/>\n89"},"3":{"Display":"59<br \/>\n&nbsp;|<br \/>\n79"},"4":{"Display":"63<br \/>\n&nbsp;|<br \/>\n68"},"5":{"Display":"68<br \/>\n&nbsp;|<br \/>\n58"},"6":{"Display":"72<br \/>\n&nbsp;|<br \/>\n47"},"7":{"Display":"76<br \/>\n&nbsp;|<br \/>\n36"},"8":{"Display":"81<br \/>\n&nbsp;|<br \/>\n26"},"9":{"Display":"85<br \/>\n&nbsp;|<br \/>\n15"}},"AnswerOrder":[1,2,3,4,5,6,7,8,9],"ChoiceDataExportTags":false,"QuestionID":"QID9"}},{"SurveyID":"SV_3NN32ZdVrZyqJf0","Element":"SQ","PrimaryAttribute":"QID10","SecondaryAttribute":"Indicate which choice do you prefer:","TertiaryAttribute":null,"Payload":{"QuestionText":"Indicate which choice do you prefer:","DefaultChoices":false,"DataExportTag":"Q5","QuestionType":"Matrix","Selector":"Likert","SubSelector":"SingleAnswer","DataVisibility":{"Private":false,"Hidden":false},"Configuration":{"QuestionDescriptionOption":"UseText","TextPosition":"inline","ChoiceColumnWidth":25,"RepeatHeaders":"none","WhiteSpace":"OFF","MobileFirst":true},"QuestionDescription":"Indicate which choice do you prefer:","Choices":{"1":{"Display":"You receive<br \/>\n&nbsp; &nbsp; &nbsp; &nbsp; &nbsp;|<br \/>\nOther receives"}},"ChoiceOrder":[1],"Validation":{"Settings":{"ForceResponse":"ON","ForceResponseType":"ON","Type":"None"}},"GradingData":[],"Language":[],"NextChoiceId":2,"NextAnswerId":10,"Answers":{"1":{"Display":"100<br \/>\n&nbsp;|<br \/>\n50"},"2":{"Display":"94<br \/>\n&nbsp;|<br \/>\n56"},"3":{"Display":"88<br \/>\n&nbsp;|<br \/>\n63"},"4":{"Display":"81<br \/>\n&nbsp;|<br \/>\n69"},"5":{"Display":"75<br \/>\n&nbsp;|<br \/>\n75"},"6":{"Display":"69<br \/>\n&nbsp;|<br \/>\n81"},"7":{"Display":"63<br \/>\n&nbsp;|<br \/>\n88"},"8":{"Display":"56<br \/>\n&nbsp;|<br \/>\n94"},"9":{"Display":"50<br \/>\n&nbsp;|<br \/>\n100"}},"AnswerOrder":[1,2,3,4,5,6,7,8,9],"ChoiceDataExportTags":false,"QuestionID":"QID10"}},{"SurveyID":"SV_3NN32ZdVrZyqJf0","Element":"SQ","PrimaryAttribute":"QID11","SecondaryAttribute":"Indicate which choice do you prefer:","TertiaryAttribute":null,"Payload":{"QuestionText":"Indicate which choice do you prefer:","DefaultChoices":false,"DataExportTag":"Q6","QuestionType":"Matrix","Selector":"Likert","SubSelector":"SingleAnswer","DataVisibility":{"Private":false,"Hidden":false},"Configuration":{"QuestionDescriptionOption":"UseText","TextPosition":"inline","ChoiceColumnWidth":25,"RepeatHeaders":"none","WhiteSpace":"OFF","MobileFirst":true},"QuestionDescription":"Indicate which choice do you prefer:","Choices":{"1":{"Display":"You receive<br \/>\n&nbsp; &nbsp; &nbsp; &nbsp; &nbsp;|<br \/>\nOther receives"}},"ChoiceOrder":[1],"Validation":{"Settings":{"ForceResponse":"ON","ForceResponseType":"ON","Type":"None"}},"GradingData":[],"Language":[],"NextChoiceId":2,"NextAnswerId":10,"Answers":{"1":{"Display":"100<br \/>\n&nbsp;|<br \/>\n50"},"2":{"Display":"98<br \/>\n&nbsp;|<br \/>\n54"},"3":{"Display":"96<br \/>\n&nbsp;|<br \/>\n59"},"4":{"Display":"94<br \/>\n&nbsp;|<br \/>\n63"},"5":{"Display":"93<br \/>\n&nbsp;|<br \/>\n68"},"6":{"Display":"91<br \/>\n&nbsp;|<br \/>\n72"},"7":{"Display":"89<br \/>\n&nbsp;|<br \/>\n76"},"8":{"Display":"81<br \/>\n&nbsp;|<br \/>\n81"},"9":{"Display":"85<br \/>\n&nbsp;|<br \/>\n85"}},"AnswerOrder":[1,2,3,4,5,6,7,8,9],"ChoiceDataExportTags":false,"QuestionID":"QID11"}},{"SurveyID":"SV_3NN32ZdVrZyqJf0","Element":"SQ","PrimaryAttribute":"QID12","SecondaryAttribute":"Indicate which choice do you prefer:","TertiaryAttribute":null,"Payload":{"QuestionText":"Indicate which choice do you prefer:","DefaultChoices":false,"DataExportTag":"Q7","QuestionType":"Matrix","Selector":"Likert","SubSelector":"SingleAnswer","DataVisibility":{"Private":false,"Hidden":false},"Configuration":{"QuestionDescriptionOption":"UseText","TextPosition":"inline","ChoiceColumnWidth":25,"RepeatHeaders":"none","WhiteSpace":"OFF","MobileFirst":true},"QuestionDescription":"Indicate which choice do you prefer:","Choices":{"1":{"Display":"You receive<br \/>\n&nbsp; &nbsp; &nbsp; &nbsp; &nbsp;|<br \/>\nOther receives"}},"ChoiceOrder":[1],"Validation":{"Settings":{"ForceResponse":"ON","ForceResponseType":"ON","Type":"None"}},"GradingData":[],"Language":[],"NextChoiceId":2,"NextAnswerId":10,"Answers":{"1":{"Display":"100<br \/>\n&nbsp;|<br \/>\n50"},"2":{"Display":"96<br \/>\n&nbsp;|<br \/>\n56"},"3":{"Display":"93<br \/>\n&nbsp;|<br \/>\n63"},"4":{"Display":"89<br \/>\n&nbsp;|<br \/>\n69"},"5":{"Display":"85<br \/>\n&nbsp;|<br \/>\n75"},"6":{"Display":"81<br \/>\n&nbsp;|<br \/>\n81"},"7":{"Display":"78<br \/>\n&nbsp;|<br \/>\n88"},"8":{"Display":"74<br \/>\n&nbsp;|<br \/>\n94"},"9":{"Display":"70<br \/>\n&nbsp;|<br \/>\n100"}},"AnswerOrder":[1,2,3,4,5,6,7,8,9],"ChoiceDataExportTags":false,"QuestionID":"QID12"}},{"SurveyID":"SV_3NN32ZdVrZyqJf0","Element":"SQ","PrimaryAttribute":"QID13","SecondaryAttribute":"Indicate which choice do you prefer:","TertiaryAttribute":null,"Payload":{"QuestionText":"Indicate which choice do you prefer:","DefaultChoices":false,"DataExportTag":"Q8","QuestionType":"Matrix","Selector":"Likert","SubSelector":"SingleAnswer","DataVisibility":{"Private":false,"Hidden":false},"Configuration":{"QuestionDescriptionOption":"UseText","TextPosition":"inline","ChoiceColumnWidth":25,"RepeatHeaders":"none","WhiteSpace":"OFF","MobileFirst":true},"QuestionDescription":"Indicate which choice do you prefer:","Choices":{"1":{"Display":"You receive<br \/>\n&nbsp; &nbsp; &nbsp; &nbsp; &nbsp;|<br \/>\nOther receives"}},"ChoiceOrder":[1],"Validation":{"Settings":{"ForceResponse":"ON","ForceResponseType":"ON","Type":"None"}},"GradingData":[],"Language":[],"NextChoiceId":2,"NextAnswerId":10,"Answers":{"1":{"Display":"90<br \/>\n&nbsp;|<br \/>\n100"},"2":{"Display":"91<br \/>\n&nbsp;|<br \/>\n99"},"3":{"Display":"93<br \/>\n&nbsp;|<br \/>\n98"},"4":{"Display":"94<br \/>\n&nbsp;|<br \/>\n96"},"5":{"Display":"95<br \/>\n&nbsp;|<br \/>\n95"},"6":{"Display":"96<br \/>\n&nbsp;|<br \/>\n94"},"7":{"Display":"98<br \/>\n&nbsp;|<br \/>\n93"},"8":{"Display":"99<br \/>\n&nbsp;|<br \/>\n91"},"9":{"Display":"100<br \/>\n&nbsp;|<br \/>\n90"}},"AnswerOrder":[1,2,3,4,5,6,7,8,9],"ChoiceDataExportTags":false,"QuestionID":"QID13"}},{"SurveyID":"SV_3NN32ZdVrZyqJf0","Element":"SQ","PrimaryAttribute":"QID14","SecondaryAttribute":"Indicate which choice do you prefer:","TertiaryAttribute":null,"Payload":{"QuestionText":"Indicate which choice do you prefer:","DefaultChoices":false,"DataExportTag":"Q9","QuestionType":"Matrix","Selector":"Likert","SubSelector":"SingleAnswer","DataVisibility":{"Private":false,"Hidden":false},"Configuration":{"QuestionDescriptionOption":"UseText","TextPosition":"inline","ChoiceColumnWidth":25,"RepeatHeaders":"none","WhiteSpace":"OFF","MobileFirst":true},"QuestionDescription":"Indicate which choice do you prefer:","Choices":{"1":{"Display":"You receive<br \/>\n&nbsp; &nbsp; &nbsp; &nbsp; &nbsp;|<br \/>\nOther receives"}},"ChoiceOrder":[1],"Validation":{"Settings":{"ForceResponse":"ON","ForceResponseType":"ON","Type":"None"}},"GradingData":[],"Language":[],"NextChoiceId":2,"NextAnswerId":10,"Answers":{"1":{"Display":"100<br \/>\n&nbsp;|<br \/>\n70"},"2":{"Display":"94<br \/>\n&nbsp;|<br \/>\n74"},"3":{"Display":"88<br \/>\n&nbsp;|<br \/>\n78"},"4":{"Display":"81<br \/>\n&nbsp;|<br \/>\n81"},"5":{"Display":"75<br \/>\n&nbsp;|<br \/>\n85"},"6":{"Display":"69<br \/>\n&nbsp;|<br \/>\n89"},"7":{"Display":"63<br \/>\n&nbsp;|<br \/>\n93"},"8":{"Display":"56<br \/>\n&nbsp;|<br \/>\n96"},"9":{"Display":"50<br \/>\n&nbsp;|<br \/>\n100"}},"AnswerOrder":[1,2,3,4,5,6,7,8,9],"ChoiceDataExportTags":false,"QuestionID":"QID14"}},{"SurveyID":"SV_3NN32ZdVrZyqJf0","Element":"SQ","PrimaryAttribute":"QID15","SecondaryAttribute":"Indicate which choice do you prefer:","TertiaryAttribute":null,"Payload":{"QuestionText":"Indicate which choice do you prefer:","DefaultChoices":false,"DataExportTag":"Q10","QuestionType":"Matrix","Selector":"Likert","SubSelector":"SingleAnswer","DataVisibility":{"Private":false,"Hidden":false},"Configuration":{"QuestionDescriptionOption":"UseText","TextPosition":"inline","ChoiceColumnWidth":25,"RepeatHeaders":"none","WhiteSpace":"OFF","MobileFirst":true},"QuestionDescription":"Indicate which choice do you prefer:","Choices":{"1":{"Display":"You receive<br \/>\n&nbsp; &nbsp; &nbsp; &nbsp; &nbsp;|<br \/>\nOther receives"}},"ChoiceOrder":[1],"Validation":{"Settings":{"ForceResponse":"ON","ForceResponseType":"ON","Type":"None"}},"GradingData":[],"Language":[],"NextChoiceId":2,"NextAnswerId":10,"Answers":{"1":{"Display":"100<br \/>\n&nbsp;|<br \/>\n70"},"2":{"Display":"99<br \/>\n&nbsp;|<br \/>\n74"},"3":{"Display":"98<br \/>\n&nbsp;|<br \/>\n78"},"4":{"Display":"96<br \/>\n&nbsp;|<br \/>\n81"},"5":{"Display":"95<br \/>\n&nbsp;|<br \/>\n85"},"6":{"Display":"94<br \/>\n&nbsp;|<br \/>\n89"},"7":{"Display":"93<br \/>\n&nbsp;|<br \/>\n93"},"8":{"Display":"91<br \/>\n&nbsp;|<br \/>\n96"},"9":{"Display":"90<br \/>\n&nbsp;|<br \/>\n100"}},"AnswerOrder":[1,2,3,4,5,6,7,8,9],"ChoiceDataExportTags":false,"QuestionID":"QID15"}},{"SurveyID":"SV_3NN32ZdVrZyqJf0","Element":"SQ","PrimaryAttribute":"QID16","SecondaryAttribute":"Indicate which choice do you prefer:","TertiaryAttribute":null,"Payload":{"QuestionText":"Indicate which choice do you prefer:","DefaultChoices":false,"DataExportTag":"Q11","QuestionType":"Matrix","Selector":"Likert","SubSelector":"SingleAnswer","DataVisibility":{"Private":false,"Hidden":false},"Configuration":{"QuestionDescriptionOption":"UseText","TextPosition":"inline","ChoiceColumnWidth":25,"RepeatHeaders":"none","WhiteSpace":"OFF","MobileFirst":true},"QuestionDescription":"Indicate which choice do you prefer:","Choices":{"1":{"Display":"You receive<br \/>\n&nbsp; &nbsp; &nbsp; &nbsp; &nbsp;|<br \/>\nOther receives"}},"ChoiceOrder":[1],"Validation":{"Settings":{"ForceResponse":"ON","ForceResponseType":"ON","Type":"None"}},"GradingData":[],"Language":[],"NextChoiceId":2,"NextAnswerId":10,"Answers":{"1":{"Display":"100<br \/>\n&nbsp;|<br \/>\n70"},"2":{"Display":"74<br \/>\n&nbsp;|<br \/>\n96"},"3":{"Display":"78<br \/>\n&nbsp;|<br \/>\n93"},"4":{"Display":"81<br \/>\n&nbsp;|<br \/>\n89"},"5":{"Display":"85<br \/>\n&nbsp;|<br \/>\n85"},"6":{"Display":"89<br \/>\n&nbsp;|<br \/>\n81"},"7":{"Display":"93<br \/>\n&nbsp;|<br \/>\n78"},"8":{"Display":"96<br \/>\n&nbsp;|<br \/>\n74"},"9":{"Display":"100<br \/>\n&nbsp;|<br \/>\n70"}},"AnswerOrder":[1,2,3,4,5,6,7,8,9],"ChoiceDataExportTags":false,"QuestionID":"QID16"}},{"SurveyID":"SV_3NN32ZdVrZyqJf0","Element":"SQ","PrimaryAttribute":"QID17","SecondaryAttribute":"Indicate which choice do you prefer:","TertiaryAttribute":null,"Payload":{"QuestionText":"Indicate which choice do you prefer:","DefaultChoices":false,"DataExportTag":"Q12","QuestionType":"Matrix","Selector":"Likert","SubSelector":"SingleAnswer","DataVisibility":{"Private":false,"Hidden":false},"Configuration":{"QuestionDescriptionOption":"UseText","TextPosition":"inline","ChoiceColumnWidth":25,"RepeatHeaders":"none","WhiteSpace":"OFF","MobileFirst":true},"QuestionDescription":"Indicate which choice do you prefer:","Choices":{"1":{"Display":"You receive<br \/>\n&nbsp; &nbsp; &nbsp; &nbsp; &nbsp;|<br \/>\nOther receives"}},"ChoiceOrder":[1],"Validation":{"Settings":{"ForceResponse":"ON","ForceResponseType":"ON","Type":"None"}},"GradingData":[],"Language":[],"NextChoiceId":2,"NextAnswerId":10,"Answers":{"1":{"Display":"50<br \/>\n&nbsp;|<br \/>\n100"},"2":{"Display":"56<br \/>\n&nbsp;|<br \/>\n99"},"3":{"Display":"63<br \/>\n&nbsp;|<br \/>\n98"},"4":{"Display":"75<br \/>\n&nbsp;|<br \/>\n95"},"5":{"Display":"75<br \/>\n&nbsp;|<br \/>\n95"},"6":{"Display":"81<br \/>\n&nbsp;|<br \/>\n94"},"7":{"Display":"88<br \/>\n&nbsp;|<br \/>\n93"},"8":{"Display":"94<br \/>\n&nbsp;|<br \/>\n91"},"9":{"Display":"100<br \/>\n&nbsp;|<br \/>\n90"}},"AnswerOrder":[1,2,3,4,5,6,7,8,9],"ChoiceDataExportTags":false,"QuestionID":"QID17"}},{"SurveyID":"SV_3NN32ZdVrZyqJf0","Element":"SQ","PrimaryAttribute":"QID18","SecondaryAttribute":"Indicate which choice do you prefer:","TertiaryAttribute":null,"Payload":{"QuestionText":"Indicate which choice do you prefer:","DefaultChoices":false,"DataExportTag":"Q13","QuestionType":"Matrix","Selector":"Likert","SubSelector":"SingleAnswer","DataVisibility":{"Private":false,"Hidden":false},"Configuration":{"QuestionDescriptionOption":"UseText","TextPosition":"inline","ChoiceColumnWidth":25,"RepeatHeaders":"none","WhiteSpace":"OFF","MobileFirst":true},"QuestionDescription":"Indicate which choice do you prefer:","Choices":{"1":{"Display":"You receive<br \/>\n&nbsp; &nbsp; &nbsp; &nbsp; &nbsp;|<br \/>\nOther receives"}},"ChoiceOrder":[1],"Validation":{"Settings":{"ForceResponse":"ON","ForceResponseType":"ON","Type":"None"}},"GradingData":[],"Language":[],"NextChoiceId":2,"NextAnswerId":10,"Answers":{"1":{"Display":"50<br \/>\n&nbsp;|<br \/>\n100"},"2":{"Display":"56<br \/>\n&nbsp;|<br \/>\n94"},"3":{"Display":"63<br \/>\n&nbsp;|<br \/>\n88"},"4":{"Display":"69<br \/>\n&nbsp;|<br \/>\n81"},"5":{"Display":"75<br \/>\n&nbsp;|<br \/>\n75"},"6":{"Display":"81<br \/>\n&nbsp;|<br \/>\n69"},"7":{"Display":"88<br \/>\n&nbsp;|<br \/>\n63"},"8":{"Display":"94<br \/>\n&nbsp;|<br \/>\n56"},"9":{"Display":"100<br \/>\n&nbsp;|<br \/>\n50"}},"AnswerOrder":[1,2,3,4,5,6,7,8,9],"ChoiceDataExportTags":false,"QuestionID":"QID18"}},{"SurveyID":"SV_3NN32ZdVrZyqJf0","Element":"SQ","PrimaryAttribute":"QID19","SecondaryAttribute":"Indicate which choice do you prefer:","TertiaryAttribute":null,"Payload":{"QuestionText":"Indicate which choice do you prefer:","DefaultChoices":false,"DataExportTag":"Q14","QuestionType":"Matrix","Selector":"Likert","SubSelector":"SingleAnswer","DataVisibility":{"Private":false,"Hidden":false},"Configuration":{"QuestionDescriptionOption":"UseText","TextPosition":"inline","ChoiceColumnWidth":25,"RepeatHeaders":"none","WhiteSpace":"OFF","MobileFirst":true},"QuestionDescription":"Indicate which choice do you prefer:","Choices":{"1":{"Display":"You receive<br \/>\n&nbsp; &nbsp; &nbsp; &nbsp; &nbsp;|<br \/>\nOther receives"}},"ChoiceOrder":[1],"Validation":{"Settings":{"ForceResponse":"ON","ForceResponseType":"ON","Type":"None"}},"GradingData":[],"Language":[],"NextChoiceId":2,"NextAnswerId":10,"Answers":{"1":{"Display":"100<br \/>\n&nbsp;|<br \/>\n90"},"2":{"Display":"96<br \/>\n&nbsp;|<br \/>\n91"},"3":{"Display":"93<br \/>\n&nbsp;|<br \/>\n93"},"4":{"Display":"89<br \/>\n&nbsp;|<br \/>\n94"},"5":{"Display":"85<br \/>\n&nbsp;|<br \/>\n95"},"6":{"Display":"81<br \/>\n&nbsp;|<br \/>\n96"},"7":{"Display":"78<br \/>\n&nbsp;|<br \/>\n98"},"8":{"Display":"74<br \/>\n&nbsp;|<br \/>\n99"},"9":{"Display":"70<br \/>\n&nbsp;|<br \/>\n100"}},"AnswerOrder":[1,2,3,4,5,6,7,8,9],"ChoiceDataExportTags":false,"QuestionID":"QID19"}},{"SurveyID":"SV_3NN32ZdVrZyqJf0","Element":"SQ","PrimaryAttribute":"QID20","SecondaryAttribute":"Indicate which choice do you prefer:","TertiaryAttribute":null,"Payload":{"QuestionText":"Indicate which choice do you prefer:","DefaultChoices":false,"DataExportTag":"Q15","QuestionType":"Matrix","Selector":"Likert","SubSelector":"SingleAnswer","DataVisibility":{"Private":false,"Hidden":false},"Configuration":{"QuestionDescriptionOption":"UseText","TextPosition":"inline","ChoiceColumnWidth":25,"RepeatHeaders":"none","WhiteSpace":"OFF","MobileFirst":true},"QuestionDescription":"Indicate which choice do you prefer:","Choices":{"1":{"Display":"You receive<br \/>\n&nbsp; &nbsp; &nbsp; &nbsp; &nbsp;|<br \/>\nOther receives"}},"ChoiceOrder":[1],"Validation":{"Settings":{"ForceResponse":"ON","ForceResponseType":"ON","Type":"None"}},"GradingData":[],"Language":[],"NextChoiceId":2,"NextAnswerId":10,"Answers":{"1":{"Display":"90<br \/>\n&nbsp;|<br \/>\n100"},"2":{"Display":"91<br \/>\n&nbsp;|<br \/>\n94"},"3":{"Display":"93<br \/>\n&nbsp;|<br \/>\n88"},"4":{"Display":"94<br \/>\n&nbsp;|<br \/>\n81"},"5":{"Display":"95<br \/>\n&nbsp;|<br \/>\n75"},"6":{"Display":"96<br \/>\n&nbsp;|<br \/>\n69"},"7":{"Display":"98<br \/>\n&nbsp;|<br \/>\n63"},"8":{"Display":"99<br \/>\n&nbsp;|<br \/>\n56"},"9":{"Display":"100<br \/>\n&nbsp;|<br \/>\n50"}},"AnswerOrder":[1,2,3,4,5,6,7,8,9],"ChoiceDataExportTags":false,"QuestionID":"QID20"}},{"SurveyID":"SV_3NN32ZdVrZyqJf0","Element":"SQ","PrimaryAttribute":"QID21","SecondaryAttribute":"Indicate which choice do you prefer:","TertiaryAttribute":null,"Payload":{"QuestionText":"Indicate which choice do you prefer:","DefaultChoices":false,"DataExportTag":"Q21","QuestionType":"Matrix","Selector":"Likert","SubSelector":"SingleAnswer","DataVisibility":{"Private":false,"Hidden":false},"Configuration":{"QuestionDescriptionOption":"UseText","TextPosition":"inline","ChoiceColumnWidth":25,"RepeatHeaders":"none","WhiteSpace":"OFF","MobileFirst":true},"QuestionDescription":"Indicate which choice do you prefer:","Choices":{"1":{"Display":"You receive<br \/>\n&nbsp; &nbsp; &nbsp; &nbsp; &nbsp;|<br \/>\nOther receives"}},"ChoiceOrder":[1],"Validation":{"Settings":{"ForceResponse":"ON","ForceResponseType":"ON","Type":"None"}},"GradingData":[],"Language":[],"NextChoiceId":2,"NextAnswerId":10,"Answers":{"1":{"Display":"30<br \/>\n&nbsp;|<br \/>\n80"},"2":{"Display":"35<br \/>\n&nbsp;|<br \/>\n70"},"3":{"Display":"40<br \/>\n&nbsp;|<br \/>\n60"},"4":{"Display":"45<br \/>\n&nbsp;|<br \/>\n50"},"5":{"Display":"50<br \/>\n&nbsp;|<br \/>\n40"},"6":{"Display":"55<br \/>\n&nbsp;|<br \/>\n30"},"7":{"Display":"60<br \/>\n&nbsp;|<br \/>\n20"},"8":{"Display":"65<br \/>\n&nbsp;|<br \/>\n10"},"9":{"Display":"70<br \/>\n&nbsp;|<br \/>\n0"}},"AnswerOrder":[1,2,3,4,5,6,7,8,9],"ChoiceDataExportTags":false,"QuestionID":"QID21"}},{"SurveyID":"SV_3NN32ZdVrZyqJf0","Element":"SQ","PrimaryAttribute":"QID7","SecondaryAttribute":"Instruction In this task, imagine that you have been randomly paired with another person, whom we...","TertiaryAttribute":null,"Payload":{"QuestionText":"<span style=\"font-size:13px;\">Instruction<br \/>\nIn this task, imagine that you have been randomly paired with another person, whom we will refer as the <strong>other<\/strong>. This other person is someone you do not know and will remain mutually anonymous. All of your choices are completely confidential. <strong>You will be making a series of decisions about allocating resources between you and this other person.<\/strong> For each of the following questions, please indicate the distribution pair you prefer most. For each distribution pair, the upper one is the money you receive, and the lower one is the money the other receives.<br \/>\nYour decisions will yield money for both yourself and the other person. In the example below, a person has chosen to distribute money so that he\/she receives 50 dollars, while the anonymous other person receives 40 dollars.<br \/>\nThere are no right or wrong answers, this is all about personal preferences.&nbsp;As you can see, your choices will influence both the amount of money you receive as well as the amount of money the other receives<\/span><br \/>\n<img src=\"https:\/\/osu.az1.qualtrics.com\/CP\/Graphic.php?IM=IM_77csiXYLZim1Rj0\" style=\"width: 731px; height: 214px;\" \/>","DefaultChoices":false,"DataExportTag":"Q0_1","QuestionType":"DB","Selector":"TB","Configuration":{"QuestionDescriptionOption":"UseText"},"QuestionDescription":"Instruction In this task, imagine that you have been randomly paired with another person, whom we...","ChoiceOrder":[],"Validation":{"Settings":{"Type":"None"}},"GradingData":[],"Language":[],"NextChoiceId":4,"NextAnswerId":1,"QuestionID":"QID7","DataVisibility":{"Private":false,"Hidden":false}}},{"SurveyID":"SV_3NN32ZdVrZyqJf0","Element":"SQ","PrimaryAttribute":"QID2","SecondaryAttribute":"You receive\u00a0 \u00a0 \u00a0 \u00a0 30\u00a0 \u00a0 \u00a0 35 \u00a0 \u00a0 \u00a0 \u00a0 \u00a0 \u00a0 \u00a0 \u00a0 \u00a0 \u00a0 \u00a0 \u00a0 \u00a0 \u00a0 |\u00a0 \u00a0 \u00a0 \u00a0 \u00a0| Othe","TertiaryAttribute":null,"Payload":{"QuestionText":"You receive&nbsp; &nbsp; &nbsp; &nbsp; 30&nbsp; &nbsp; &nbsp; 35<br>&nbsp; &nbsp; &nbsp; &nbsp; &nbsp; &nbsp; &nbsp; &nbsp; &nbsp; &nbsp; &nbsp; &nbsp; &nbsp; &nbsp; |&nbsp; &nbsp; &nbsp; &nbsp; &nbsp;|<br>Other receives&nbsp; &nbsp;80&nbsp; &nbsp; &nbsp; &nbsp;70<br>","DefaultChoices":false,"DataExportTag":"Q2","QuestionID":"QID2","QuestionType":"DB","Selector":"TB","DataVisibility":{"Private":false,"Hidden":false},"Configuration":{"QuestionDescriptionOption":"UseText","TextPosition":"inline"},"QuestionDescription":"You receive\u00a0 \u00a0 \u00a0 \u00a0 30\u00a0 \u00a0 \u00a0 35 \u00a0 \u00a0 \u00a0 \u00a0 \u00a0 \u00a0 \u00a0 \u00a0 \u00a0 \u00a0 \u00a0 \u00a0 \u00a0 \u00a0 |\u00a0 \u00a0 \u00a0 \u00a0 \u00a0| Other receives\u00a0 \u00a080\u00a0 \u00a0 \u00a0 \u00a070","ChoiceOrder":[],"Validation":{"Settings":{"Type":"None"}},"GradingData":[],"Language":[],"NextChoiceId":2,"NextAnswerId":10}}]}