{"SurveyEntry":{"SurveyID":"SV_0Jqg3MnqQ1AIs0m","SurveyName":"STAI-S","SurveyDescription":null,"SurveyOwnerID":"UR_6PuQq3L1iqgQp70","SurveyBrandID":"osu","DivisionID":"DV_ebAsorNWF7UuYux","SurveyLanguage":"EN","SurveyActiveResponseSet":"RS_428o0blZB4DoKaO","SurveyStatus":"Inactive","SurveyStartDate":"0000-00-00 00:00:00","SurveyExpirationDate":"0000-00-00 00:00:00","SurveyCreationDate":"2023-03-07 20:53:22","CreatorID":"UR_6PuQq3L1iqgQp70","LastModified":"2023-03-08 09:29:50","LastAccessed":"0000-00-00 00:00:00","LastActivated":"0000-00-00 00:00:00","Deleted":null},"SurveyElements":[{"SurveyID":"SV_0Jqg3MnqQ1AIs0m","Element":"BL","PrimaryAttribute":"Survey Blocks","SecondaryAttribute":null,"TertiaryAttribute":null,"Payload":[{"Type":"Default","Description":"Default Question Block","ID":"BL_0OMXKqUNKqReuSq","BlockElements":[{"Type":"Question","QuestionID":"QID1"}]},{"Type":"Trash","Description":"Trash \/ Unused Questions","ID":"BL_09cWXXUl638crpc"}]},{"SurveyID":"SV_0Jqg3MnqQ1AIs0m","Element":"FL","PrimaryAttribute":"Survey Flow","SecondaryAttribute":null,"TertiaryAttribute":null,"Payload":{"Flow":[{"ID":"BL_0OMXKqUNKqReuSq","Type":"Block","FlowID":"FL_2"}],"Properties":{"Count":2},"FlowID":"FL_1","Type":"Root"}},{"SurveyID":"SV_0Jqg3MnqQ1AIs0m","Element":"PL","PrimaryAttribute":"Preview Link","SecondaryAttribute":null,"TertiaryAttribute":null,"Payload":{"PreviewType":"Brand","PreviewID":"aa8e957c-39fb-4e42-9bfb-926fa360b3c7"}},{"SurveyID":"SV_0Jqg3MnqQ1AIs0m","Element":"SO","PrimaryAttribute":"Survey Options","SecondaryAttribute":null,"TertiaryAttribute":null,"Payload":{"BackButton":"false","SaveAndContinue":"true","SurveyProtection":"PublicSurvey","BallotBoxStuffingPrevention":"false","NoIndex":"Yes","SecureResponseFiles":"true","SurveyExpiration":"None","SurveyTermination":"DefaultMessage","Header":"","Footer":"","ProgressBarDisplay":"None","PartialData":"+1 week","ValidationMessage":"","PreviousButton":"","NextButton":"","SurveyTitle":"Qualtrics Survey | Qualtrics Experience Management","SkinLibrary":"osu","SkinType":"MQ","Skin":"osu20_new","NewScoring":1,"SurveyMetaDescription":"The most powerful, simple and trusted way to gather experience data. Start your journey to experience management and try a free account today."}},{"SurveyID":"SV_0Jqg3MnqQ1AIs0m","Element":"SCO","PrimaryAttribute":"Scoring","SecondaryAttribute":null,"TertiaryAttribute":null,"Payload":{"ScoringCategories":[],"ScoringCategoryGroups":[],"ScoringSummaryCategory":null,"ScoringSummaryAfterQuestions":0,"ScoringSummaryAfterSurvey":0,"DefaultScoringCategory":null,"AutoScoringCategory":null}},{"SurveyID":"SV_0Jqg3MnqQ1AIs0m","Element":"PROJ","PrimaryAttribute":"CORE","SecondaryAttribute":null,"TertiaryAttribute":"1.1.0","Payload":{"ProjectCategory":"CORE","SchemaVersion":"1.1.0"}},{"SurveyID":"SV_0Jqg3MnqQ1AIs0m","Element":"STAT","PrimaryAttribute":"Survey Statistics","SecondaryAttribute":null,"TertiaryAttribute":null,"Payload":{"MobileCompatible":false,"ID":"Survey Statistics"}},{"SurveyID":"SV_0Jqg3MnqQ1AIs0m","Element":"QC","PrimaryAttribute":"Survey Question Count","SecondaryAttribute":"1","TertiaryAttribute":null,"Payload":null},{"SurveyID":"SV_0Jqg3MnqQ1AIs0m","Element":"SQ","PrimaryAttribute":"QID1","SecondaryAttribute":"A number of statement which people have used to describe themselves are given below. Read each st...","TertiaryAttribute":null,"Payload":{"QuestionText":"A number of statement which people have used to describe themselves are given below.<br \/>\nRead each statement and then choose the appropriate number point to indicate<strong> how you generally feel<\/strong>.<br \/>\nThere are no right or wrong answers. Do not spend too much time on any one statement but give the answer which seems to describe <strong>how you generally feel.<\/strong>","DefaultChoices":false,"DataExportTag":"Q1","QuestionID":"QID1","QuestionType":"Matrix","Selector":"Likert","SubSelector":"SingleAnswer","Configuration":{"QuestionDescriptionOption":"UseText","TextPosition":"inline","ChoiceColumnWidth":25,"RepeatHeaders":"none","WhiteSpace":"OFF","MobileFirst":true,"ChoiceColumnWidthPixels":267},"QuestionDescription":"A number of statement which people have used to describe themselves are given below. Read each st...","Choices":{"1":{"Display":"I feel pleasant"},"2":{"Display":"I feel nervous and restless"},"3":{"Display":"I feel satisfied with myself"},"4":{"Display":"I wish I could be as happy as others seem to be"},"5":{"Display":"I feel like a failure"},"6":{"Display":"I feel rested"},"7":{"Display":"I am 'calm, cool, and collected'"},"8":{"Display":"I feel that difficulities are pilling up so that I cannot overcome them"},"9":{"Display":"I worry too much over something that really doesn't matter"},"10":{"Display":"I am happy"},"11":{"Display":"I have disturbing thoughts"},"12":{"Display":"I lack self-confidence"},"13":{"Display":"I feel secure"},"14":{"Display":"I make decisions easily"},"15":{"Display":"I feel inadequate"},"16":{"Display":"I am content"},"17":{"Display":"Some unimportant thought runs through my mind and bothers me"},"18":{"Display":"I take disappointments so keenly that I can't put them out of my mind"},"19":{"Display":"I am a steady person"},"20":{"Display":"I get in a state of tension or turmoil as I think over my recent concerns and interests"}},"ChoiceOrder":[1,2,3,4,5,6,7,8,9,10,11,12,13,14,15,16,17,18,19,20],"Validation":{"Settings":{"ForceResponse":"ON","ForceResponseType":"ON","Type":"None"}},"GradingData":[],"Language":[],"NextChoiceId":21,"NextAnswerId":5,"Answers":{"1":{"Display":"Almost Never"},"2":{"Display":"Sometimes"},"3":{"Display":"Often"},"4":{"Display":"Almost Always"}},"AnswerOrder":[1,2,3,4],"ChoiceDataExportTags":false,"DataVisibility":{"Private":false,"Hidden":false}}},{"SurveyID":"SV_0Jqg3MnqQ1AIs0m","Element":"RS","PrimaryAttribute":"RS_428o0blZB4DoKaO","SecondaryAttribute":"Default Response Set","TertiaryAttribute":null,"Payload":null}]}