{"SurveyEntry":{"SurveyID":"SV_5dokRlPyPByQfCC","SurveyName":"The UCLA Loneliness Scale","SurveyDescription":null,"SurveyOwnerID":"UR_6PuQq3L1iqgQp70","SurveyBrandID":"osu","DivisionID":"DV_ebAsorNWF7UuYux","SurveyLanguage":"EN","SurveyActiveResponseSet":"RS_7QiAoILspW4GrR4","SurveyStatus":"Inactive","SurveyStartDate":"0000-00-00 00:00:00","SurveyExpirationDate":"0000-00-00 00:00:00","SurveyCreationDate":"2023-02-26 14:19:39","CreatorID":"UR_6PuQq3L1iqgQp70","LastModified":"2023-02-26 14:34:22","LastAccessed":"0000-00-00 00:00:00","LastActivated":"0000-00-00 00:00:00","Deleted":null},"SurveyElements":[{"SurveyID":"SV_5dokRlPyPByQfCC","Element":"BL","PrimaryAttribute":"Survey Blocks","SecondaryAttribute":null,"TertiaryAttribute":null,"Payload":[{"Type":"Default","Description":"Default Question Block","ID":"BL_9npg2lkGtfEg23k","BlockElements":[{"Type":"Question","QuestionID":"QID1"}]},{"Type":"Trash","Description":"Trash \/ Unused Questions","ID":"BL_3e1432mvXbMuT5Q"}]},{"SurveyID":"SV_5dokRlPyPByQfCC","Element":"FL","PrimaryAttribute":"Survey Flow","SecondaryAttribute":null,"TertiaryAttribute":null,"Payload":{"Flow":[{"ID":"BL_9npg2lkGtfEg23k","Type":"Block","FlowID":"FL_2"}],"Properties":{"Count":2},"FlowID":"FL_1","Type":"Root"}},{"SurveyID":"SV_5dokRlPyPByQfCC","Element":"PL","PrimaryAttribute":"Preview Link","SecondaryAttribute":null,"TertiaryAttribute":null,"Payload":{"PreviewType":"Brand","PreviewID":"48f747c0-4947-4a80-b128-f49281e1569e"}},{"SurveyID":"SV_5dokRlPyPByQfCC","Element":"SO","PrimaryAttribute":"Survey Options","SecondaryAttribute":null,"TertiaryAttribute":null,"Payload":{"BackButton":"false","SaveAndContinue":"true","SurveyProtection":"PublicSurvey","BallotBoxStuffingPrevention":"false","NoIndex":"Yes","SecureResponseFiles":"true","SurveyExpiration":"None","SurveyTermination":"DefaultMessage","Header":"","Footer":"","ProgressBarDisplay":"None","PartialData":"+1 week","ValidationMessage":"","PreviousButton":"","NextButton":"","SurveyTitle":"Qualtrics Survey | Qualtrics Experience Management","SkinLibrary":"osu","SkinType":"MQ","Skin":"osu20_new","NewScoring":1,"SurveyMetaDescription":"The most powerful, simple and trusted way to gather experience data. Start your journey to experience management and try a free account today."}},{"SurveyID":"SV_5dokRlPyPByQfCC","Element":"SCO","PrimaryAttribute":"Scoring","SecondaryAttribute":null,"TertiaryAttribute":null,"Payload":{"ScoringCategories":[],"ScoringCategoryGroups":[],"ScoringSummaryCategory":null,"ScoringSummaryAfterQuestions":0,"ScoringSummaryAfterSurvey":0,"DefaultScoringCategory":null,"AutoScoringCategory":null}},{"SurveyID":"SV_5dokRlPyPByQfCC","Element":"PROJ","PrimaryAttribute":"CORE","SecondaryAttribute":null,"TertiaryAttribute":"1.1.0","Payload":{"ProjectCategory":"CORE","SchemaVersion":"1.1.0"}},{"SurveyID":"SV_5dokRlPyPByQfCC","Element":"STAT","PrimaryAttribute":"Survey Statistics","SecondaryAttribute":null,"TertiaryAttribute":null,"Payload":{"MobileCompatible":false,"ID":"Survey Statistics"}},{"SurveyID":"SV_5dokRlPyPByQfCC","Element":"QC","PrimaryAttribute":"Survey Question Count","SecondaryAttribute":"1","TertiaryAttribute":null,"Payload":null},{"SurveyID":"SV_5dokRlPyPByQfCC","Element":"RS","PrimaryAttribute":"RS_7QiAoILspW4GrR4","SecondaryAttribute":"Default Response Set","TertiaryAttribute":null,"Payload":null},{"SurveyID":"SV_5dokRlPyPByQfCC","Element":"SQ","PrimaryAttribute":"QID1","SecondaryAttribute":"The following statements describe how people sometimes feel. For each statement, please indicate...","TertiaryAttribute":null,"Payload":{"QuestionText":"<span style=\"font-size:16px;\"><span style=\"font-family:Arial,Helvetica,sans-serif;\">The following statements describe how people sometimes feel. For each statement, please indicate how often you feel the way described by selecting a response on the scale provided.&nbsp;Here is an example:<\/span><\/span><br \/>\n<br \/>\n<span style=\"font-size:16px;\"><span style=\"font-family:Arial,Helvetica,sans-serif;\">How&nbsp;often do you feel happy?&nbsp;<br \/>\n<br \/>\nIf you never felt happy, you would respond &quot;never&quot;; if you always feel happy, you would respond &quot;always.&quot;<\/span><\/span><br \/>\n&nbsp;","DefaultChoices":false,"DataExportTag":"Q1","QuestionID":"QID1","QuestionType":"Matrix","Selector":"Likert","SubSelector":"SingleAnswer","Configuration":{"QuestionDescriptionOption":"UseText","TextPosition":"inline","ChoiceColumnWidth":25,"RepeatHeaders":"none","WhiteSpace":"OFF","MobileFirst":true,"ChoiceColumnWidthPixels":278},"QuestionDescription":"The following statements describe how people sometimes feel. For each statement, please indicate...","Choices":{"1":{"Display":"How often do you feel that you are \"in tune\" with the people around you?"},"2":{"Display":"How often do you feel that you lack companionship?"},"3":{"Display":"How often do you feel that there is no one you can turn to?"},"4":{"Display":"How often do you feel alone?"},"5":{"Display":"How often do you feel part of a group of friends?"},"6":{"Display":"How often do you feel that you have a lot in common with the people around you?"},"7":{"Display":"How often do you feel that you are no longer close to anyone?"},"8":{"Display":"How often do you feel that your interests and ideas are not shared by those around you?"},"9":{"Display":"How often do you feel outgoing and friendly?"},"10":{"Display":"How often do you feel close to people?"},"11":{"Display":"How often do you feel left out?"},"12":{"Display":"How often do you feel that your relationships with others are not meaningful?"},"13":{"Display":"How often do you feel that no one really knows you well?"},"14":{"Display":"How often do you feel isolated from others?"},"15":{"Display":"How often do you feel you can find companionship when you want it?"},"16":{"Display":"How often do you feel that there are people who really understand you?"},"17":{"Display":"How often do you feel shy?"},"18":{"Display":"How often do you feel that people are around you but not with you?"},"19":{"Display":"How often do you feel that there are people you can talk to?"},"20":{"Display":"How often do you feel that there are people you can turn to?"}},"ChoiceOrder":[1,2,3,4,5,6,7,8,9,10,11,12,13,14,15,16,17,18,19,20],"Validation":{"Settings":{"ForceResponse":"ON","ForceResponseType":"ON","Type":"None"}},"GradingData":[],"Language":[],"NextChoiceId":21,"NextAnswerId":5,"Answers":{"1":{"Display":"Never"},"2":{"Display":"Rarely"},"3":{"Display":"Sometimes"},"4":{"Display":"Always"}},"AnswerOrder":[1,2,3,4],"ChoiceDataExportTags":false}}]}